// !$*UTF8*$!
{
	archiveVersion = 1;
	classes = {
	};
	objectVersion = 56;
	objects = {

/* Begin PBXBuildFile section */
		CAB404682B3BE09800C04EA1 /* AppDelegate.swift in Sources */ = {isa = PBXBuildFile; fileRef = CAB404672B3BE09800C04EA1 /* AppDelegate.swift */; };
		CAB4046A2B3BE09800C04EA1 /* SceneDelegate.swift in Sources */ = {isa = PBXBuildFile; fileRef = CAB404692B3BE09800C04EA1 /* SceneDelegate.swift */; };
		CAB4046C2B3BE09800C04EA1 /* ViewController.swift in Sources */ = {isa = PBXBuildFile; fileRef = CAB4046B2B3BE09800C04EA1 /* ViewController.swift */; };
		CAB4046F2B3BE09800C04EA1 /* Main.storyboard in Resources */ = {isa = PBXBuildFile; fileRef = CAB4046D2B3BE09800C04EA1 /* Main.storyboard */; };
		CAB404712B3BE09A00C04EA1 /* Assets.xcassets in Resources */ = {isa = PBXBuildFile; fileRef = CAB404702B3BE09A00C04EA1 /* Assets.xcassets */; };
		CAB404742B3BE09A00C04EA1 /* LaunchScreen.storyboard in Resources */ = {isa = PBXBuildFile; fileRef = CAB404722B3BE09A00C04EA1 /* LaunchScreen.storyboard */; };
		CAB4047F2B3BE09A00C04EA1 /* image1Tests.swift in Sources */ = {isa = PBXBuildFile; fileRef = CAB4047E2B3BE09A00C04EA1 /* image1Tests.swift */; };
		CAB404892B3BE09A00C04EA1 /* image1UITests.swift in Sources */ = {isa = PBXBuildFile; fileRef = CAB404882B3BE09A00C04EA1 /* image1UITests.swift */; };
		CAB4048B2B3BE09A00C04EA1 /* image1UITestsLaunchTests.swift in Sources */ = {isa = PBXBuildFile; fileRef = CAB4048A2B3BE09A00C04EA1 /* image1UITestsLaunchTests.swift */; };
/* End PBXBuildFile section */

/* Begin PBXContainerItemProxy section */
		CAB4047B2B3BE09A00C04EA1 /* PBXContainerItemProxy */ = {
			isa = PBXContainerItemProxy;
			containerPortal = CAB4045C2B3BE09800C04EA1 /* Project object */;
			proxyType = 1;
			remoteGlobalIDString = CAB404632B3BE09800C04EA1;
			remoteInfo = image1;
		};
		CAB404852B3BE09A00C04EA1 /* PBXContainerItemProxy */ = {
			isa = PBXContainerItemProxy;
			containerPortal = CAB4045C2B3BE09800C04EA1 /* Project object */;
			proxyType = 1;
			remoteGlobalIDString = CAB404632B3BE09800C04EA1;
			remoteInfo = image1;
		};
/* End PBXContainerItemProxy section */

/* Begin PBXFileReference section */
		CAB404642B3BE09800C04EA1 /* image1.app */ = {isa = PBXFileReference; explicitFileType = wrapper.application; includeInIndex = 0; path = image1.app; sourceTree = BUILT_PRODUCTS_DIR; };
		CAB404672B3BE09800C04EA1 /* AppDelegate.swift */ = {isa = PBXFileReference; lastKnownFileType = sourcecode.swift; path = AppDelegate.swift; sourceTree = "<group>"; };
		CAB404692B3BE09800C04EA1 /* SceneDelegate.swift */ = {isa = PBXFileReference; lastKnownFileType = sourcecode.swift; path = SceneDelegate.swift; sourceTree = "<group>"; };
		CAB4046B2B3BE09800C04EA1 /* ViewController.swift */ = {isa = PBXFileReference; lastKnownFileType = sourcecode.swift; path = ViewController.swift; sourceTree = "<group>"; };
		CAB4046E2B3BE09800C04EA1 /* Base */ = {isa = PBXFileReference; lastKnownFileType = file.storyboard; name = Base; path = Base.lproj/Main.storyboard; sourceTree = "<group>"; };
		CAB404702B3BE09A00C04EA1 /* Assets.xcassets */ = {isa = PBXFileReference; lastKnownFileType = folder.assetcatalog; path = Assets.xcassets; sourceTree = "<group>"; };
		CAB404732B3BE09A00C04EA1 /* Base */ = {isa = PBXFileReference; lastKnownFileType = file.storyboard; name = Base; path = Base.lproj/LaunchScreen.storyboard; sourceTree = "<group>"; };
		CAB404752B3BE09A00C04EA1 /* Info.plist */ = {isa = PBXFileReference; lastKnownFileType = text.plist.xml; path = Info.plist; sourceTree = "<group>"; };
		CAB4047A2B3BE09A00C04EA1 /* image1Tests.xctest */ = {isa = PBXFileReference; explicitFileType = wrapper.cfbundle; includeInIndex = 0; path = image1Tests.xctest; sourceTree = BUILT_PRODUCTS_DIR; };
		CAB4047E2B3BE09A00C04EA1 /* image1Tests.swift */ = {isa = PBXFileReference; lastKnownFileType = sourcecode.swift; path = image1Tests.swift; sourceTree = "<group>"; };
		CAB404842B3BE09A00C04EA1 /* image1UITests.xctest */ = {isa = PBXFileReference; explicitFileType = wrapper.cfbundle; includeInIndex = 0; path = image1UITests.xctest; sourceTree = BUILT_PRODUCTS_DIR; };
		CAB404882B3BE09A00C04EA1 /* image1UITests.swift */ = {isa = PBXFileReference; lastKnownFileType = sourcecode.swift; path = image1UITests.swift; sourceTree = "<group>"; };
		CAB4048A2B3BE09A00C04EA1 /* image1UITestsLaunchTests.swift */ = {isa = PBXFileReference; lastKnownFileType = sourcecode.swift; path = image1UITestsLaunchTests.swift; sourceTree = "<group>"; };
/* End PBXFileReference section */

/* Begin PBXFrameworksBuildPhase section */
		CAB404612B3BE09800C04EA1 /* Frameworks */ = {
			isa = PBXFrameworksBuildPhase;
			buildActionMask = 2147483647;
			files = (
			);
			runOnlyForDeploymentPostprocessing = 0;
		};
		CAB404772B3BE09A00C04EA1 /* Frameworks */ = {
			isa = PBXFrameworksBuildPhase;
			buildActionMask = 2147483647;
			files = (
			);
			runOnlyForDeploymentPostprocessing = 0;
		};
		CAB404812B3BE09A00C04EA1 /* Frameworks */ = {
			isa = PBXFrameworksBuildPhase;
			buildActionMask = 2147483647;
			files = (
			);
			runOnlyForDeploymentPostprocessing = 0;
		};
/* End PBXFrameworksBuildPhase section */

/* Begin PBXGroup section */
		CAB4045B2B3BE09800C04EA1 = {
			isa = PBXGroup;
			children = (
				CAB404662B3BE09800C04EA1 /* image1 */,
				CAB4047D2B3BE09A00C04EA1 /* image1Tests */,
				CAB404872B3BE09A00C04EA1 /* image1UITests */,
				CAB404652B3BE09800C04EA1 /* Products */,
			);
			sourceTree = "<group>";
		};
		CAB404652B3BE09800C04EA1 /* Products */ = {
			isa = PBXGroup;
			children = (
				CAB404642B3BE09800C04EA1 /* image1.app */,
				CAB4047A2B3BE09A00C04EA1 /* image1Tests.xctest */,
				CAB404842B3BE09A00C04EA1 /* image1UITests.xctest */,
			);
			name = Products;
			sourceTree = "<group>";
		};
		CAB404662B3BE09800C04EA1 /* image1 */ = {
			isa = PBXGroup;
			children = (
				CAB404672B3BE09800C04EA1 /* AppDelegate.swift */,
				CAB404692B3BE09800C04EA1 /* SceneDelegate.swift */,
				CAB4046B2B3BE09800C04EA1 /* ViewController.swift */,
				CAB4046D2B3BE09800C04EA1 /* Main.storyboard */,
				CAB404702B3BE09A00C04EA1 /* Assets.xcassets */,
				CAB404722B3BE09A00C04EA1 /* LaunchScreen.storyboard */,
				CAB404752B3BE09A00C04EA1 /* Info.plist */,
			);
			path = image1;
			sourceTree = "<group>";
		};
		CAB4047D2B3BE09A00C04EA1 /* image1Tests */ = {
			isa = PBXGroup;
			children = (
				CAB4047E2B3BE09A00C04EA1 /* image1Tests.swift */,
			);
			path = image1Tests;
			sourceTree = "<group>";
		};
		CAB404872B3BE09A00C04EA1 /* image1UITests */ = {
			isa = PBXGroup;
			children = (
				CAB404882B3BE09A00C04EA1 /* image1UITests.swift */,
				CAB4048A2B3BE09A00C04EA1 /* image1UITestsLaunchTests.swift */,
			);
			path = image1UITests;
			sourceTree = "<group>";
		};
/* End PBXGroup section */

/* Begin PBXNativeTarget section */
		CAB404632B3BE09800C04EA1 /* image1 */ = {
			isa = PBXNativeTarget;
			buildConfigurationList = CAB4048E2B3BE09A00C04EA1 /* Build configuration list for PBXNativeTarget "image1" */;
			buildPhases = (
				CAB404602B3BE09800C04EA1 /* Sources */,
				CAB404612B3BE09800C04EA1 /* Frameworks */,
				CAB404622B3BE09800C04EA1 /* Resources */,
			);
			buildRules = (
			);
			dependencies = (
			);
			name = image1;
			productName = image1;
			productReference = CAB404642B3BE09800C04EA1 /* image1.app */;
			productType = "com.apple.product-type.application";
		};
		CAB404792B3BE09A00C04EA1 /* image1Tests */ = {
			isa = PBXNativeTarget;
			buildConfigurationList = CAB404912B3BE09A00C04EA1 /* Build configuration list for PBXNativeTarget "image1Tests" */;
			buildPhases = (
				CAB404762B3BE09A00C04EA1 /* Sources */,
				CAB404772B3BE09A00C04EA1 /* Frameworks */,
				CAB404782B3BE09A00C04EA1 /* Resources */,
			);
			buildRules = (
			);
			dependencies = (
				CAB4047C2B3BE09A00C04EA1 /* PBXTargetDependency */,
			);
			name = image1Tests;
			productName = image1Tests;
			productReference = CAB4047A2B3BE09A00C04EA1 /* image1Tests.xctest */;
			productType = "com.apple.product-type.bundle.unit-test";
		};
		CAB404832B3BE09A00C04EA1 /* image1UITests */ = {
			isa = PBXNativeTarget;
			buildConfigurationList = CAB404942B3BE09A00C04EA1 /* Build configuration list for PBXNativeTarget "image1UITests" */;
			buildPhases = (
				CAB404802B3BE09A00C04EA1 /* Sources */,
				CAB404812B3BE09A00C04EA1 /* Frameworks */,
				CAB404822B3BE09A00C04EA1 /* Resources */,
			);
			buildRules = (
			);
			dependencies = (
				CAB404862B3BE09A00C04EA1 /* PBXTargetDependency */,
			);
			name = image1UITests;
			productName = image1UITests;
			productReference = CAB404842B3BE09A00C04EA1 /* image1UITests.xctest */;
			productType = "com.apple.product-type.bundle.ui-testing";
		};
/* End PBXNativeTarget section */

/* Begin PBXProject section */
		CAB4045C2B3BE09800C04EA1 /* Project object */ = {
			isa = PBXProject;
			attributes = {
				BuildIndependentTargetsInParallel = 1;
				LastSwiftUpdateCheck = 1510;
				LastUpgradeCheck = 1510;
				TargetAttributes = {
					CAB404632B3BE09800C04EA1 = {
						CreatedOnToolsVersion = 15.1;
					};
					CAB404792B3BE09A00C04EA1 = {
						CreatedOnToolsVersion = 15.1;
						TestTargetID = CAB404632B3BE09800C04EA1;
					};
					CAB404832B3BE09A00C04EA1 = {
						CreatedOnToolsVersion = 15.1;
						TestTargetID = CAB404632B3BE09800C04EA1;
					};
				};
			};
			buildConfigurationList = CAB4045F2B3BE09800C04EA1 /* Build configuration list for PBXProject "image1" */;
			compatibilityVersion = "Xcode 14.0";
			developmentRegion = en;
			hasScannedForEncodings = 0;
			knownRegions = (
				en,
				Base,
			);
			mainGroup = CAB4045B2B3BE09800C04EA1;
			productRefGroup = CAB404652B3BE09800C04EA1 /* Products */;
			projectDirPath = "";
			projectRoot = "";
			targets = (
				CAB404632B3BE09800C04EA1 /* image1 */,
				CAB404792B3BE09A00C04EA1 /* image1Tests */,
				CAB404832B3BE09A00C04EA1 /* image1UITests */,
			);
		};
/* End PBXProject section */

/* Begin PBXResourcesBuildPhase section */
		CAB404622B3BE09800C04EA1 /* Resources */ = {
			isa = PBXResourcesBuildPhase;
			buildActionMask = 2147483647;
			files = (
				CAB404742B3BE09A00C04EA1 /* LaunchScreen.storyboard in Resources */,
				CAB404712B3BE09A00C04EA1 /* Assets.xcassets in Resources */,
				CAB4046F2B3BE09800C04EA1 /* Main.storyboard in Resources */,
			);
			runOnlyForDeploymentPostprocessing = 0;
		};
		CAB404782B3BE09A00C04EA1 /* Resources */ = {
			isa = PBXResourcesBuildPhase;
			buildActionMask = 2147483647;
			files = (
			);
			runOnlyForDeploymentPostprocessing = 0;
		};
		CAB404822B3BE09A00C04EA1 /* Resources */ = {
			isa = PBXResourcesBuildPhase;
			buildActionMask = 2147483647;
			files = (
			);
			runOnlyForDeploymentPostprocessing = 0;
		};
/* End PBXResourcesBuildPhase section */

/* Begin PBXSourcesBuildPhase section */
		CAB404602B3BE09800C04EA1 /* Sources */ = {
			isa = PBXSourcesBuildPhase;
			buildActionMask = 2147483647;
			files = (
				CAB4046C2B3BE09800C04EA1 /* ViewController.swift in Sources */,
				CAB404682B3BE09800C04EA1 /* AppDelegate.swift in Sources */,
				CAB4046A2B3BE09800C04EA1 /* SceneDelegate.swift in Sources */,
			);
			runOnlyForDeploymentPostprocessing = 0;
		};
		CAB404762B3BE09A00C04EA1 /* Sources */ = {
			isa = PBXSourcesBuildPhase;
			buildActionMask = 2147483647;
			files = (
				CAB4047F2B3BE09A00C04EA1 /* image1Tests.swift in Sources */,
			);
			runOnlyForDeploymentPostprocessing = 0;
		};
		CAB404802B3BE09A00C04EA1 /* Sources */ = {
			isa = PBXSourcesBuildPhase;
			buildActionMask = 2147483647;
			files = (
				CAB4048B2B3BE09A00C04EA1 /* image1UITestsLaunchTests.swift in Sources */,
				CAB404892B3BE09A00C04EA1 /* image1UITests.swift in Sources */,
			);
			runOnlyForDeploymentPostprocessing = 0;
		};
/* End PBXSourcesBuildPhase section */

/* Begin PBXTargetDependency section */
		CAB4047C2B3BE09A00C04EA1 /* PBXTargetDependency */ = {
			isa = PBXTargetDependency;
			target = CAB404632B3BE09800C04EA1 /* image1 */;
			targetProxy = CAB4047B2B3BE09A00C04EA1 /* PBXContainerItemProxy */;
		};
		CAB404862B3BE09A00C04EA1 /* PBXTargetDependency */ = {
			isa = PBXTargetDependency;
			target = CAB404632B3BE09800C04EA1 /* image1 */;
			targetProxy = CAB404852B3BE09A00C04EA1 /* PBXContainerItemProxy */;
		};
/* End PBXTargetDependency section */

/* Begin PBXVariantGroup section */
		CAB4046D2B3BE09800C04EA1 /* Main.storyboard */ = {
			isa = PBXVariantGroup;
			children = (
				CAB4046E2B3BE09800C04EA1 /* Base */,
			);
			name = Main.storyboard;
			sourceTree = "<group>";
		};
		CAB404722B3BE09A00C04EA1 /* LaunchScreen.storyboard */ = {
			isa = PBXVariantGroup;
			children = (
				CAB404732B3BE09A00C04EA1 /* Base */,
			);
			name = LaunchScreen.storyboard;
			sourceTree = "<group>";
		};
/* End PBXVariantGroup section */

/* Begin XCBuildConfiguration section */
		CAB4048C2B3BE09A00C04EA1 /* Debug */ = {
			isa = XCBuildConfiguration;
			buildSettings = {
				ALWAYS_SEARCH_USER_PATHS = NO;
				ASSETCATALOG_COMPILER_GENERATE_SWIFT_ASSET_SYMBOL_EXTENSIONS = YES;
				CLANG_ANALYZER_NONNULL = YES;
				CLANG_ANALYZER_NUMBER_OBJECT_CONVERSION = YES_AGGRESSIVE;
				CLANG_CXX_LANGUAGE_STANDARD = "gnu++20";
				CLANG_ENABLE_MODULES = YES;
				CLANG_ENABLE_OBJC_ARC = YES;
				CLANG_ENABLE_OBJC_WEAK = YES;
				CLANG_WARN_BLOCK_CAPTURE_AUTORELEASING = YES;
				CLANG_WARN_BOOL_CONVERSION = YES;
				CLANG_WARN_COMMA = YES;
				CLANG_WARN_CONSTANT_CONVERSION = YES;
				CLANG_WARN_DEPRECATED_OBJC_IMPLEMENTATIONS = YES;
				CLANG_WARN_DIRECT_OBJC_ISA_USAGE = YES_ERROR;
				CLANG_WARN_DOCUMENTATION_COMMENTS = YES;
				CLANG_WARN_EMPTY_BODY = YES;
				CLANG_WARN_ENUM_CONVERSION = YES;
				CLANG_WARN_INFINITE_RECURSION = YES;
				CLANG_WARN_INT_CONVERSION = YES;
				CLANG_WARN_NON_LITERAL_NULL_CONVERSION = YES;
				CLANG_WARN_OBJC_IMPLICIT_RETAIN_SELF = YES;
				CLANG_WARN_OBJC_LITERAL_CONVERSION = YES;
				CLANG_WARN_OBJC_ROOT_CLASS = YES_ERROR;
				CLANG_WARN_QUOTED_INCLUDE_IN_FRAMEWORK_HEADER = YES;
				CLANG_WARN_RANGE_LOOP_ANALYSIS = YES;
				CLANG_WARN_STRICT_PROTOTYPES = YES;
				CLANG_WARN_SUSPICIOUS_MOVE = YES;
				CLANG_WARN_UNGUARDED_AVAILABILITY = YES_AGGRESSIVE;
				CLANG_WARN_UNREACHABLE_CODE = YES;
				CLANG_WARN__DUPLICATE_METHOD_MATCH = YES;
				COPY_PHASE_STRIP = NO;
				DEBUG_INFORMATION_FORMAT = dwarf;
				ENABLE_STRICT_OBJC_MSGSEND = YES;
				ENABLE_TESTABILITY = YES;
				ENABLE_USER_SCRIPT_SANDBOXING = YES;
				GCC_C_LANGUAGE_STANDARD = gnu17;
				GCC_DYNAMIC_NO_PIC = NO;
				GCC_NO_COMMON_BLOCKS = YES;
				GCC_OPTIMIZATION_LEVEL = 0;
				GCC_PREPROCESSOR_DEFINITIONS = (
					"DEBUG=1",
					"$(inherited)",
				);
				GCC_WARN_64_TO_32_BIT_CONVERSION = YES;
				GCC_WARN_ABOUT_RETURN_TYPE = YES_ERROR;
				GCC_WARN_UNDECLARED_SELECTOR = YES;
				GCC_WARN_UNINITIALIZED_AUTOS = YES_AGGRESSIVE;
				GCC_WARN_UNUSED_FUNCTION = YES;
				GCC_WARN_UNUSED_VARIABLE = YES;
				IPHONEOS_DEPLOYMENT_TARGET = 17.2;
				LOCALIZATION_PREFERS_STRING_CATALOGS = YES;
				MTL_ENABLE_DEBUG_INFO = INCLUDE_SOURCE;
				MTL_FAST_MATH = YES;
				ONLY_ACTIVE_ARCH = YES;
				SDKROOT = iphoneos;
				SWIFT_ACTIVE_COMPILATION_CONDITIONS = "DEBUG $(inherited)";
				SWIFT_OPTIMIZATION_LEVEL = "-Onone";
			};
			name = Debug;
		};
		CAB4048D2B3BE09A00C04EA1 /* Release */ = {
			isa = XCBuildConfiguration;
			buildSettings = {
				ALWAYS_SEARCH_USER_PATHS = NO;
				ASSETCATALOG_COMPILER_GENERATE_SWIFT_ASSET_SYMBOL_EXTENSIONS = YES;
				CLANG_ANALYZER_NONNULL = YES;
				CLANG_ANALYZER_NUMBER_OBJECT_CONVERSION = YES_AGGRESSIVE;
				CLANG_CXX_LANGUAGE_STANDARD = "gnu++20";
				CLANG_ENABLE_MODULES = YES;
				CLANG_ENABLE_OBJC_ARC = YES;
				CLANG_ENABLE_OBJC_WEAK = YES;
				CLANG_WARN_BLOCK_CAPTURE_AUTORELEASING = YES;
				CLANG_WARN_BOOL_CONVERSION = YES;
				CLANG_WARN_COMMA = YES;
				CLANG_WARN_CONSTANT_CONVERSION = YES;
				CLANG_WARN_DEPRECATED_OBJC_IMPLEMENTATIONS = YES;
				CLANG_WARN_DIRECT_OBJC_ISA_USAGE = YES_ERROR;
				CLANG_WARN_DOCUMENTATION_COMMENTS = YES;
				CLANG_WARN_EMPTY_BODY = YES;
				CLANG_WARN_ENUM_CONVERSION = YES;
				CLANG_WARN_INFINITE_RECURSION = YES;
				CLANG_WARN_INT_CONVERSION = YES;
				CLANG_WARN_NON_LITERAL_NULL_CONVERSION = YES;
				CLANG_WARN_OBJC_IMPLICIT_RETAIN_SELF = YES;
				CLANG_WARN_OBJC_LITERAL_CONVERSION = YES;
				CLANG_WARN_OBJC_ROOT_CLASS = YES_ERROR;
				CLANG_WARN_QUOTED_INCLUDE_IN_FRAMEWORK_HEADER = YES;
				CLANG_WARN_RANGE_LOOP_ANALYSIS = YES;
				CLANG_WARN_STRICT_PROTOTYPES = YES;
				CLANG_WARN_SUSPICIOUS_MOVE = YES;
				CLANG_WARN_UNGUARDED_AVAILABILITY = YES_AGGRESSIVE;
				CLANG_WARN_UNREACHABLE_CODE = YES;
				CLANG_WARN__DUPLICATE_METHOD_MATCH = YES;
				COPY_PHASE_STRIP = NO;
				DEBUG_INFORMATION_FORMAT = "dwarf-with-dsym";
				ENABLE_NS_ASSERTIONS = NO;
				ENABLE_STRICT_OBJC_MSGSEND = YES;
				ENABLE_USER_SCRIPT_SANDBOXING = YES;
				GCC_C_LANGUAGE_STANDARD = gnu17;
				GCC_NO_COMMON_BLOCKS = YES;
				GCC_WARN_64_TO_32_BIT_CONVERSION = YES;
				GCC_WARN_ABOUT_RETURN_TYPE = YES_ERROR;
				GCC_WARN_UNDECLARED_SELECTOR = YES;
				GCC_WARN_UNINITIALIZED_AUTOS = YES_AGGRESSIVE;
				GCC_WARN_UNUSED_FUNCTION = YES;
				GCC_WARN_UNUSED_VARIABLE = YES;
				IPHONEOS_DEPLOYMENT_TARGET = 17.2;
				LOCALIZATION_PREFERS_STRING_CATALOGS = YES;
				MTL_ENABLE_DEBUG_INFO = NO;
				MTL_FAST_MATH = YES;
				SDKROOT = iphoneos;
				SWIFT_COMPILATION_MODE = wholemodule;
				VALIDATE_PRODUCT = YES;
			};
			name = Release;
		};
		CAB4048F2B3BE09A00C04EA1 /* Debug */ = {
			isa = XCBuildConfiguration;
			buildSettings = {
				ASSETCATALOG_COMPILER_APPICON_NAME = AppIcon;
				ASSETCATALOG_COMPILER_GLOBAL_ACCENT_COLOR_NAME = AccentColor;
				CODE_SIGN_STYLE = Automatic;
				CURRENT_PROJECT_VERSION = 1;
				GENERATE_INFOPLIST_FILE = YES;
				INFOPLIST_FILE = image1/Info.plist;
				INFOPLIST_KEY_UIApplicationSupportsIndirectInputEvents = YES;
				INFOPLIST_KEY_UILaunchStoryboardName = LaunchScreen;
				INFOPLIST_KEY_UIMainStoryboardFile = Main;
				INFOPLIST_KEY_UISupportedInterfaceOrientations_iPad = "UIInterfaceOrientationPortrait UIInterfaceOrientationPortraitUpsideDown UIInterfaceOrientationLandscapeLeft UIInterfaceOrientationLandscapeRight";
				INFOPLIST_KEY_UISupportedInterfaceOrientations_iPhone = "UIInterfaceOrientationPortrait UIInterfaceOrientationLandscapeLeft UIInterfaceOrientationLandscapeRight";
				LD_RUNPATH_SEARCH_PATHS = (
					"$(inherited)",
					"@executable_path/Frameworks",
				);
				MARKETING_VERSION = 1.0;
				PRODUCT_BUNDLE_IDENTIFIER = ST.image1;
				PRODUCT_NAME = "$(TARGET_NAME)";
				SWIFT_EMIT_LOC_STRINGS = YES;
				SWIFT_VERSION = 5.0;
				TARGETED_DEVICE_FAMILY = "1,2";
			};
			name = Debug;
		};
		CAB404902B3BE09A00C04EA1 /* Release */ = {
			isa = XCBuildConfiguration;
			buildSettings = {
				ASSETCATALOG_COMPILER_APPICON_NAME = AppIcon;
				ASSETCATALOG_COMPILER_GLOBAL_ACCENT_COLOR_NAME = AccentColor;
				CODE_SIGN_STYLE = Automatic;
				CURRENT_PROJECT_VERSION = 1;
				GENERATE_INFOPLIST_FILE = YES;
				INFOPLIST_FILE = image1/Info.plist;
				INFOPLIST_KEY_UIApplicationSupportsIndirectInputEvents = YES;
				INFOPLIST_KEY_UILaunchStoryboardName = LaunchScreen;
				INFOPLIST_KEY_UIMainStoryboardFile = Main;
				INFOPLIST_KEY_UISupportedInterfaceOrientations_iPad = "UIInterfaceOrientationPortrait UIInterfaceOrientationPortraitUpsideDown UIInterfaceOrientationLandscapeLeft UIInterfaceOrientationLandscapeRight";
				INFOPLIST_KEY_UISupportedInterfaceOrientations_iPhone = "UIInterfaceOrientationPortrait UIInterfaceOrientationLandscapeLeft UIInterfaceOrientationLandscapeRight";
				LD_RUNPATH_SEARCH_PATHS = (
					"$(inherited)",
					"@executable_path/Frameworks",
				);
				MARKETING_VERSION = 1.0;
				PRODUCT_BUNDLE_IDENTIFIER = ST.image1;
				PRODUCT_NAME = "$(TARGET_NAME)";
				SWIFT_EMIT_LOC_STRINGS = YES;
				SWIFT_VERSION = 5.0;
				TARGETED_DEVICE_FAMILY = "1,2";
			};
			name = Release;
		};
		CAB404922B3BE09A00C04EA1 /* Debug */ = {
			isa = XCBuildConfiguration;
			buildSettings = {
				ALWAYS_EMBED_SWIFT_STANDARD_LIBRARIES = YES;
				BUNDLE_LOADER = "$(TEST_HOST)";
				CODE_SIGN_STYLE = Automatic;
				CURRENT_PROJECT_VERSION = 1;
				GENERATE_INFOPLIST_FILE = YES;
				IPHONEOS_DEPLOYMENT_TARGET = 17.2;
				MARKETING_VERSION = 1.0;
				PRODUCT_BUNDLE_IDENTIFIER = ST.image1Tests;
				PRODUCT_NAME = "$(TARGET_NAME)";
				SWIFT_EMIT_LOC_STRINGS = NO;
				SWIFT_VERSION = 5.0;
				TARGETED_DEVICE_FAMILY = "1,2";
				TEST_HOST = "$(BUILT_PRODUCTS_DIR)/image1.app/$(BUNDLE_EXECUTABLE_FOLDER_PATH)/image1";
			};
			name = Debug;
		};
		CAB404932B3BE09A00C04EA1 /* Release */ = {
			isa = XCBuildConfiguration;
			buildSettings = {
				ALWAYS_EMBED_SWIFT_STANDARD_LIBRARIES = YES;
				BUNDLE_LOADER = "$(TEST_HOST)";
				CODE_SIGN_STYLE = Automatic;
				CURRENT_PROJECT_VERSION = 1;
				GENERATE_INFOPLIST_FILE = YES;
				IPHONEOS_DEPLOYMENT_TARGET = 17.2;
				MARKETING_VERSION = 1.0;
				PRODUCT_BUNDLE_IDENTIFIER = ST.image1Tests;
				PRODUCT_NAME = "$(TARGET_NAME)";
				SWIFT_EMIT_LOC_STRINGS = NO;
				SWIFT_VERSION = 5.0;
				TARGETED_DEVICE_FAMILY = "1,2";
				TEST_HOST = "$(BUILT_PRODUCTS_DIR)/image1.app/$(BUNDLE_EXECUTABLE_FOLDER_PATH)/image1";
			};
			name = Release;
		};
		CAB404952B3BE09A00C04EA1 /* Debug */ = {
			isa = XCBuildConfiguration;
			buildSettings = {
				ALWAYS_EMBED_SWIFT_STANDARD_LIBRARIES = YES;
				CODE_SIGN_STYLE = Automatic;
				CURRENT_PROJECT_VERSION = 1;
				GENERATE_INFOPLIST_FILE = YES;
				MARKETING_VERSION = 1.0;
				PRODUCT_BUNDLE_IDENTIFIER = ST.image1UITests;
				PRODUCT_NAME = "$(TARGET_NAME)";
				SWIFT_EMIT_LOC_STRINGS = NO;
				SWIFT_VERSION = 5.0;
				TARGETED_DEVICE_FAMILY = "1,2";
				TEST_TARGET_NAME = image1;
			};
			name = Debug;
		};
		CAB404962B3BE09A00C04EA1 /* Release */ = {
			isa = XCBuildConfiguration;
			buildSettings = {
				ALWAYS_EMBED_SWIFT_STANDARD_LIBRARIES = YES;
				CODE_SIGN_STYLE = Automatic;
				CURRENT_PROJECT_VERSION = 1;
				GENERATE_INFOPLIST_FILE = YES;
				MARKETING_VERSION = 1.0;
				PRODUCT_BUNDLE_IDENTIFIER = ST.image1UITests;
				PRODUCT_NAME = "$(TARGET_NAME)";
				SWIFT_EMIT_LOC_STRINGS = NO;
				SWIFT_VERSION = 5.0;
				TARGETED_DEVICE_FAMILY = "1,2";
				TEST_TARGET_NAME = image1;
			};
			name = Release;
		};
/* End XCBuildConfiguration section */

/* Begin XCConfigurationList section */
		CAB4045F2B3BE09800C04EA1 /* Build configuration list for PBXProject "image1" */ = {
			isa = XCConfigurationList;
			buildConfigurations = (
				CAB4048C2B3BE09A00C04EA1 /* Debug */,
				CAB4048D2B3BE09A00C04EA1 /* Release */,
			);
			defaultConfigurationIsVisible = 0;
			defaultConfigurationName = Release;
		};
		CAB4048E2B3BE09A00C04EA1 /* Build configuration list for PBXNativeTarget "image1" */ = {
			isa = XCConfigurationList;
			buildConfigurations = (
				CAB4048F2B3BE09A00C04EA1 /* Debug */,
				CAB404902B3BE09A00C04EA1 /* Release */,
			);
			defaultConfigurationIsVisible = 0;
			defaultConfigurationName = Release;
		};
		CAB404912B3BE09A00C04EA1 /* Build configuration list for PBXNativeTarget "image1Tests" */ = {
			isa = XCConfigurationList;
			buildConfigurations = (
				CAB404922B3BE09A00C04EA1 /* Debug */,
				CAB404932B3BE09A00C04EA1 /* Release */,
			);
			defaultConfigurationIsVisible = 0;
			defaultConfigurationName = Release;
		};
		CAB404942B3BE09A00C04EA1 /* Build configuration list for PBXNativeTarget "image1UITests" */ = {
			isa = XCConfigurationList;
			buildConfigurations = (
				CAB404952B3BE09A00C04EA1 /* Debug */,
				CAB404962B3BE09A00C04EA1 /* Release */,
			);
			defaultConfigurationIsVisible = 0;
			defaultConfigurationName = Release;
		};
/* End XCConfigurationList section */
	};
	rootObject = CAB4045C2B3BE09800C04EA1 /* Project object */;
}
